// !$*UTF8*$!
{
	archiveVersion = 1;
	classes = {
	};
	objectVersion = 56;
	objects = {

/* Begin PBXBuildFile section */
		BC5E20832BFD129A00979123 /* CustomSegmentedControlView.swift in Sources */ = {isa = PBXBuildFile; fileRef = BC5E20822BFD129A00979123 /* CustomSegmentedControlView.swift */; };
		BC72DB4C2BFBD783000A32C7 /* DifficultyMenuView.swift in Sources */ = {isa = PBXBuildFile; fileRef = BC72DB4B2BFBD783000A32C7 /* DifficultyMenuView.swift */; };
		BC7B53FC2BF677BB001F74B5 /* PauseGameView.swift in Sources */ = {isa = PBXBuildFile; fileRef = BC7B53FB2BF677BB001F74B5 /* PauseGameView.swift */; };
		BC7B53FE2BF677D1001F74B5 /* RoundFinishedView.swift in Sources */ = {isa = PBXBuildFile; fileRef = BC7B53FD2BF677D1001F74B5 /* RoundFinishedView.swift */; };
		BC7B54002BF677F2001F74B5 /* GameplayView.swift in Sources */ = {isa = PBXBuildFile; fileRef = BC7B53FF2BF677F2001F74B5 /* GameplayView.swift */; };
		BC7B54022BF69691001F74B5 /* GlobalStates.swift in Sources */ = {isa = PBXBuildFile; fileRef = BC7B54012BF69691001F74B5 /* GlobalStates.swift */; };
		BC7B54042BF6A708001F74B5 /* StatModel.swift in Sources */ = {isa = PBXBuildFile; fileRef = BC7B54032BF6A708001F74B5 /* StatModel.swift */; };
		BC7B54122BF7E005001F74B5 /* StatHelper.swift in Sources */ = {isa = PBXBuildFile; fileRef = BC7B54112BF7E005001F74B5 /* StatHelper.swift */; };
		BC7B54142BF7E2A2001F74B5 /* GameplayModel.swift in Sources */ = {isa = PBXBuildFile; fileRef = BC7B54132BF7E2A2001F74B5 /* GameplayModel.swift */; };
		BCE3C7192BF5212B00CB2EAE /* ColorSleuthApp.swift in Sources */ = {isa = PBXBuildFile; fileRef = BCE3C7182BF5212B00CB2EAE /* ColorSleuthApp.swift */; };
		BCE3C71B2BF5212B00CB2EAE /* MainView.swift in Sources */ = {isa = PBXBuildFile; fileRef = BCE3C71A2BF5212B00CB2EAE /* MainView.swift */; };
		BCE3C71D2BF5212D00CB2EAE /* Assets.xcassets in Resources */ = {isa = PBXBuildFile; fileRef = BCE3C71C2BF5212D00CB2EAE /* Assets.xcassets */; };
		BCE3C7202BF5212D00CB2EAE /* Preview Assets.xcassets in Resources */ = {isa = PBXBuildFile; fileRef = BCE3C71F2BF5212D00CB2EAE /* Preview Assets.xcassets */; };
		BCE3C7292BF522F900CB2EAE /* StatsView.swift in Sources */ = {isa = PBXBuildFile; fileRef = BCE3C7282BF522F900CB2EAE /* StatsView.swift */; };
		BCE3C72B2BF5230300CB2EAE /* AchievementsView.swift in Sources */ = {isa = PBXBuildFile; fileRef = BCE3C72A2BF5230300CB2EAE /* AchievementsView.swift */; };
		BCE3C72D2BF523D500CB2EAE /* HomeView.swift in Sources */ = {isa = PBXBuildFile; fileRef = BCE3C72C2BF523D500CB2EAE /* HomeView.swift */; };
		BCE3C7332BF54C5100CB2EAE /* SettingsView.swift in Sources */ = {isa = PBXBuildFile; fileRef = BCE3C7322BF54C5100CB2EAE /* SettingsView.swift */; };
		BCE3C7352BF5509F00CB2EAE /* HowToPlayView.swift in Sources */ = {isa = PBXBuildFile; fileRef = BCE3C7342BF5509F00CB2EAE /* HowToPlayView.swift */; };
		BCE3C7372BF55E5C00CB2EAE /* AchievementGroupView.swift in Sources */ = {isa = PBXBuildFile; fileRef = BCE3C7362BF55E5C00CB2EAE /* AchievementGroupView.swift */; };
		BCE3C7392BF5816500CB2EAE /* AchievementCategoryView.swift in Sources */ = {isa = PBXBuildFile; fileRef = BCE3C7382BF5816500CB2EAE /* AchievementCategoryView.swift */; };
		BCE3C73B2BF673FF00CB2EAE /* StatSheetView.swift in Sources */ = {isa = PBXBuildFile; fileRef = BCE3C73A2BF673FF00CB2EAE /* StatSheetView.swift */; };
/* End PBXBuildFile section */

/* Begin PBXFileReference section */
		BC5E20822BFD129A00979123 /* CustomSegmentedControlView.swift */ = {isa = PBXFileReference; lastKnownFileType = sourcecode.swift; path = CustomSegmentedControlView.swift; sourceTree = "<group>"; };
		BC72DB4B2BFBD783000A32C7 /* DifficultyMenuView.swift */ = {isa = PBXFileReference; lastKnownFileType = sourcecode.swift; path = DifficultyMenuView.swift; sourceTree = "<group>"; };
		BC7B53FB2BF677BB001F74B5 /* PauseGameView.swift */ = {isa = PBXFileReference; lastKnownFileType = sourcecode.swift; path = PauseGameView.swift; sourceTree = "<group>"; };
		BC7B53FD2BF677D1001F74B5 /* RoundFinishedView.swift */ = {isa = PBXFileReference; lastKnownFileType = sourcecode.swift; path = RoundFinishedView.swift; sourceTree = "<group>"; };
		BC7B53FF2BF677F2001F74B5 /* GameplayView.swift */ = {isa = PBXFileReference; lastKnownFileType = sourcecode.swift; path = GameplayView.swift; sourceTree = "<group>"; };
		BC7B54012BF69691001F74B5 /* GlobalStates.swift */ = {isa = PBXFileReference; lastKnownFileType = sourcecode.swift; path = GlobalStates.swift; sourceTree = "<group>"; };
		BC7B54032BF6A708001F74B5 /* StatModel.swift */ = {isa = PBXFileReference; lastKnownFileType = sourcecode.swift; path = StatModel.swift; sourceTree = "<group>"; };
		BC7B54112BF7E005001F74B5 /* StatHelper.swift */ = {isa = PBXFileReference; lastKnownFileType = sourcecode.swift; path = StatHelper.swift; sourceTree = "<group>"; };
		BC7B54132BF7E2A2001F74B5 /* GameplayModel.swift */ = {isa = PBXFileReference; lastKnownFileType = sourcecode.swift; path = GameplayModel.swift; sourceTree = "<group>"; };
		BCE3C7152BF5212B00CB2EAE /* ColorSleuth.app */ = {isa = PBXFileReference; explicitFileType = wrapper.application; includeInIndex = 0; path = ColorSleuth.app; sourceTree = BUILT_PRODUCTS_DIR; };
		BCE3C7182BF5212B00CB2EAE /* ColorSleuthApp.swift */ = {isa = PBXFileReference; lastKnownFileType = sourcecode.swift; path = ColorSleuthApp.swift; sourceTree = "<group>"; };
		BCE3C71A2BF5212B00CB2EAE /* MainView.swift */ = {isa = PBXFileReference; lastKnownFileType = sourcecode.swift; path = MainView.swift; sourceTree = "<group>"; };
		BCE3C71C2BF5212D00CB2EAE /* Assets.xcassets */ = {isa = PBXFileReference; lastKnownFileType = folder.assetcatalog; path = Assets.xcassets; sourceTree = "<group>"; };
		BCE3C71F2BF5212D00CB2EAE /* Preview Assets.xcassets */ = {isa = PBXFileReference; lastKnownFileType = folder.assetcatalog; path = "Preview Assets.xcassets"; sourceTree = "<group>"; };
		BCE3C7282BF522F900CB2EAE /* StatsView.swift */ = {isa = PBXFileReference; lastKnownFileType = sourcecode.swift; path = StatsView.swift; sourceTree = "<group>"; };
		BCE3C72A2BF5230300CB2EAE /* AchievementsView.swift */ = {isa = PBXFileReference; lastKnownFileType = sourcecode.swift; path = AchievementsView.swift; sourceTree = "<group>"; };
		BCE3C72C2BF523D500CB2EAE /* HomeView.swift */ = {isa = PBXFileReference; lastKnownFileType = sourcecode.swift; path = HomeView.swift; sourceTree = "<group>"; };
		BCE3C7322BF54C5100CB2EAE /* SettingsView.swift */ = {isa = PBXFileReference; lastKnownFileType = sourcecode.swift; path = SettingsView.swift; sourceTree = "<group>"; };
		BCE3C7342BF5509F00CB2EAE /* HowToPlayView.swift */ = {isa = PBXFileReference; lastKnownFileType = sourcecode.swift; path = HowToPlayView.swift; sourceTree = "<group>"; };
		BCE3C7362BF55E5C00CB2EAE /* AchievementGroupView.swift */ = {isa = PBXFileReference; lastKnownFileType = sourcecode.swift; path = AchievementGroupView.swift; sourceTree = "<group>"; };
		BCE3C7382BF5816500CB2EAE /* AchievementCategoryView.swift */ = {isa = PBXFileReference; lastKnownFileType = sourcecode.swift; path = AchievementCategoryView.swift; sourceTree = "<group>"; };
		BCE3C73A2BF673FF00CB2EAE /* StatSheetView.swift */ = {isa = PBXFileReference; lastKnownFileType = sourcecode.swift; path = StatSheetView.swift; sourceTree = "<group>"; };
/* End PBXFileReference section */

/* Begin PBXFrameworksBuildPhase section */
		BCE3C7122BF5212B00CB2EAE /* Frameworks */ = {
			isa = PBXFrameworksBuildPhase;
			buildActionMask = 2147483647;
			files = (
			);
			runOnlyForDeploymentPostprocessing = 0;
		};
/* End PBXFrameworksBuildPhase section */

/* Begin PBXGroup section */
		BCE3C70C2BF5212B00CB2EAE = {
			isa = PBXGroup;
			children = (
				BCE3C7172BF5212B00CB2EAE /* ColorSleuth */,
				BCE3C7162BF5212B00CB2EAE /* Products */,
			);
			sourceTree = "<group>";
		};
		BCE3C7162BF5212B00CB2EAE /* Products */ = {
			isa = PBXGroup;
			children = (
				BCE3C7152BF5212B00CB2EAE /* ColorSleuth.app */,
			);
			name = Products;
			sourceTree = "<group>";
		};
		BCE3C7172BF5212B00CB2EAE /* ColorSleuth */ = {
			isa = PBXGroup;
			children = (
				BCE3C7182BF5212B00CB2EAE /* ColorSleuthApp.swift */,
				BCE3C71A2BF5212B00CB2EAE /* MainView.swift */,
				BCE3C72C2BF523D500CB2EAE /* HomeView.swift */,
				BC72DB4B2BFBD783000A32C7 /* DifficultyMenuView.swift */,
				BCE3C7282BF522F900CB2EAE /* StatsView.swift */,
				BCE3C73A2BF673FF00CB2EAE /* StatSheetView.swift */,
				BC5E20822BFD129A00979123 /* CustomSegmentedControlView.swift */,
				BCE3C72A2BF5230300CB2EAE /* AchievementsView.swift */,
				BCE3C7382BF5816500CB2EAE /* AchievementCategoryView.swift */,
				BCE3C7362BF55E5C00CB2EAE /* AchievementGroupView.swift */,
				BC7B53FF2BF677F2001F74B5 /* GameplayView.swift */,
				BC7B53FB2BF677BB001F74B5 /* PauseGameView.swift */,
				BC7B53FD2BF677D1001F74B5 /* RoundFinishedView.swift */,
				BCE3C7322BF54C5100CB2EAE /* SettingsView.swift */,
				BCE3C7342BF5509F00CB2EAE /* HowToPlayView.swift */,
				BCE3C7272BF5218800CB2EAE /* Model */,
				BCE3C7262BF5218200CB2EAE /* Helper */,
				BC7B54012BF69691001F74B5 /* GlobalStates.swift */,
				BCE3C71C2BF5212D00CB2EAE /* Assets.xcassets */,
				BCE3C71E2BF5212D00CB2EAE /* Preview Content */,
			);
			path = ColorSleuth;
			sourceTree = "<group>";
		};
		BCE3C71E2BF5212D00CB2EAE /* Preview Content */ = {
			isa = PBXGroup;
			children = (
				BCE3C71F2BF5212D00CB2EAE /* Preview Assets.xcassets */,
			);
			path = "Preview Content";
			sourceTree = "<group>";
		};
		BCE3C7262BF5218200CB2EAE /* Helper */ = {
			isa = PBXGroup;
			children = (
				BC7B54112BF7E005001F74B5 /* StatHelper.swift */,
			);
			path = Helper;
			sourceTree = "<group>";
		};
		BCE3C7272BF5218800CB2EAE /* Model */ = {
			isa = PBXGroup;
			children = (
				BC7B54032BF6A708001F74B5 /* StatModel.swift */,
				BC7B54132BF7E2A2001F74B5 /* GameplayModel.swift */,
			);
			path = Model;
			sourceTree = "<group>";
		};
/* End PBXGroup section */

/* Begin PBXNativeTarget section */
		BCE3C7142BF5212B00CB2EAE /* ColorSleuth */ = {
			isa = PBXNativeTarget;
			buildConfigurationList = BCE3C7232BF5212D00CB2EAE /* Build configuration list for PBXNativeTarget "ColorSleuth" */;
			buildPhases = (
				BCE3C7112BF5212B00CB2EAE /* Sources */,
				BCE3C7122BF5212B00CB2EAE /* Frameworks */,
				BCE3C7132BF5212B00CB2EAE /* Resources */,
			);
			buildRules = (
			);
			dependencies = (
			);
			name = ColorSleuth;
			productName = ColorSleuth;
			productReference = BCE3C7152BF5212B00CB2EAE /* ColorSleuth.app */;
			productType = "com.apple.product-type.application";
		};
/* End PBXNativeTarget section */

/* Begin PBXProject section */
		BCE3C70D2BF5212B00CB2EAE /* Project object */ = {
			isa = PBXProject;
			attributes = {
				BuildIndependentTargetsInParallel = 1;
				LastSwiftUpdateCheck = 1530;
				LastUpgradeCheck = 1530;
				TargetAttributes = {
					BCE3C7142BF5212B00CB2EAE = {
						CreatedOnToolsVersion = 15.3;
					};
				};
			};
			buildConfigurationList = BCE3C7102BF5212B00CB2EAE /* Build configuration list for PBXProject "ColorSleuth" */;
			compatibilityVersion = "Xcode 14.0";
			developmentRegion = en;
			hasScannedForEncodings = 0;
			knownRegions = (
				en,
				Base,
			);
			mainGroup = BCE3C70C2BF5212B00CB2EAE;
			productRefGroup = BCE3C7162BF5212B00CB2EAE /* Products */;
			projectDirPath = "";
			projectRoot = "";
			targets = (
				BCE3C7142BF5212B00CB2EAE /* ColorSleuth */,
			);
		};
/* End PBXProject section */

/* Begin PBXResourcesBuildPhase section */
		BCE3C7132BF5212B00CB2EAE /* Resources */ = {
			isa = PBXResourcesBuildPhase;
			buildActionMask = 2147483647;
			files = (
				BCE3C7202BF5212D00CB2EAE /* Preview Assets.xcassets in Resources */,
				BCE3C71D2BF5212D00CB2EAE /* Assets.xcassets in Resources */,
			);
			runOnlyForDeploymentPostprocessing = 0;
		};
/* End PBXResourcesBuildPhase section */

/* Begin PBXSourcesBuildPhase section */
		BCE3C7112BF5212B00CB2EAE /* Sources */ = {
			isa = PBXSourcesBuildPhase;
			buildActionMask = 2147483647;
			files = (
				BCE3C7352BF5509F00CB2EAE /* HowToPlayView.swift in Sources */,
				BC5E20832BFD129A00979123 /* CustomSegmentedControlView.swift in Sources */,
				BC7B54042BF6A708001F74B5 /* StatModel.swift in Sources */,
				BCE3C7332BF54C5100CB2EAE /* SettingsView.swift in Sources */,
				BC7B54022BF69691001F74B5 /* GlobalStates.swift in Sources */,
				BCE3C7392BF5816500CB2EAE /* AchievementCategoryView.swift in Sources */,
				BCE3C72B2BF5230300CB2EAE /* AchievementsView.swift in Sources */,
				BC7B53FC2BF677BB001F74B5 /* PauseGameView.swift in Sources */,
				BCE3C71B2BF5212B00CB2EAE /* MainView.swift in Sources */,
				BCE3C7192BF5212B00CB2EAE /* ColorSleuthApp.swift in Sources */,
				BCE3C7372BF55E5C00CB2EAE /* AchievementGroupView.swift in Sources */,
				BC7B53FE2BF677D1001F74B5 /* RoundFinishedView.swift in Sources */,
				BC7B54002BF677F2001F74B5 /* GameplayView.swift in Sources */,
				BC72DB4C2BFBD783000A32C7 /* DifficultyMenuView.swift in Sources */,
				BC7B54122BF7E005001F74B5 /* StatHelper.swift in Sources */,
				BCE3C72D2BF523D500CB2EAE /* HomeView.swift in Sources */,
				BCE3C73B2BF673FF00CB2EAE /* StatSheetView.swift in Sources */,
				BCE3C7292BF522F900CB2EAE /* StatsView.swift in Sources */,
				BC7B54142BF7E2A2001F74B5 /* GameplayModel.swift in Sources */,
			);
			runOnlyForDeploymentPostprocessing = 0;
		};
/* End PBXSourcesBuildPhase section */

/* Begin XCBuildConfiguration section */
		BCE3C7212BF5212D00CB2EAE /* Debug */ = {
			isa = XCBuildConfiguration;
			buildSettings = {
				ALWAYS_SEARCH_USER_PATHS = NO;
				ASSETCATALOG_COMPILER_GENERATE_SWIFT_ASSET_SYMBOL_EXTENSIONS = YES;
				CLANG_ANALYZER_NONNULL = YES;
				CLANG_ANALYZER_NUMBER_OBJECT_CONVERSION = YES_AGGRESSIVE;
				CLANG_CXX_LANGUAGE_STANDARD = "gnu++20";
				CLANG_ENABLE_MODULES = YES;
				CLANG_ENABLE_OBJC_ARC = YES;
				CLANG_ENABLE_OBJC_WEAK = YES;
				CLANG_WARN_BLOCK_CAPTURE_AUTORELEASING = YES;
				CLANG_WARN_BOOL_CONVERSION = YES;
				CLANG_WARN_COMMA = YES;
				CLANG_WARN_CONSTANT_CONVERSION = YES;
				CLANG_WARN_DEPRECATED_OBJC_IMPLEMENTATIONS = YES;
				CLANG_WARN_DIRECT_OBJC_ISA_USAGE = YES_ERROR;
				CLANG_WARN_DOCUMENTATION_COMMENTS = YES;
				CLANG_WARN_EMPTY_BODY = YES;
				CLANG_WARN_ENUM_CONVERSION = YES;
				CLANG_WARN_INFINITE_RECURSION = YES;
				CLANG_WARN_INT_CONVERSION = YES;
				CLANG_WARN_NON_LITERAL_NULL_CONVERSION = YES;
				CLANG_WARN_OBJC_IMPLICIT_RETAIN_SELF = YES;
				CLANG_WARN_OBJC_LITERAL_CONVERSION = YES;
				CLANG_WARN_OBJC_ROOT_CLASS = YES_ERROR;
				CLANG_WARN_QUOTED_INCLUDE_IN_FRAMEWORK_HEADER = YES;
				CLANG_WARN_RANGE_LOOP_ANALYSIS = YES;
				CLANG_WARN_STRICT_PROTOTYPES = YES;
				CLANG_WARN_SUSPICIOUS_MOVE = YES;
				CLANG_WARN_UNGUARDED_AVAILABILITY = YES_AGGRESSIVE;
				CLANG_WARN_UNREACHABLE_CODE = YES;
				CLANG_WARN__DUPLICATE_METHOD_MATCH = YES;
				COPY_PHASE_STRIP = NO;
				DEBUG_INFORMATION_FORMAT = dwarf;
				ENABLE_STRICT_OBJC_MSGSEND = YES;
				ENABLE_TESTABILITY = YES;
				ENABLE_USER_SCRIPT_SANDBOXING = YES;
				GCC_C_LANGUAGE_STANDARD = gnu17;
				GCC_DYNAMIC_NO_PIC = NO;
				GCC_NO_COMMON_BLOCKS = YES;
				GCC_OPTIMIZATION_LEVEL = 0;
				GCC_PREPROCESSOR_DEFINITIONS = (
					"DEBUG=1",
					"$(inherited)",
				);
				GCC_WARN_64_TO_32_BIT_CONVERSION = YES;
				GCC_WARN_ABOUT_RETURN_TYPE = YES_ERROR;
				GCC_WARN_UNDECLARED_SELECTOR = YES;
				GCC_WARN_UNINITIALIZED_AUTOS = YES_AGGRESSIVE;
				GCC_WARN_UNUSED_FUNCTION = YES;
				GCC_WARN_UNUSED_VARIABLE = YES;
				IPHONEOS_DEPLOYMENT_TARGET = 17.4;
				LOCALIZATION_PREFERS_STRING_CATALOGS = YES;
				MTL_ENABLE_DEBUG_INFO = INCLUDE_SOURCE;
				MTL_FAST_MATH = YES;
				ONLY_ACTIVE_ARCH = YES;
				SDKROOT = iphoneos;
				SWIFT_ACTIVE_COMPILATION_CONDITIONS = "DEBUG $(inherited)";
				SWIFT_OPTIMIZATION_LEVEL = "-Onone";
			};
			name = Debug;
		};
		BCE3C7222BF5212D00CB2EAE /* Release */ = {
			isa = XCBuildConfiguration;
			buildSettings = {
				ALWAYS_SEARCH_USER_PATHS = NO;
				ASSETCATALOG_COMPILER_GENERATE_SWIFT_ASSET_SYMBOL_EXTENSIONS = YES;
				CLANG_ANALYZER_NONNULL = YES;
				CLANG_ANALYZER_NUMBER_OBJECT_CONVERSION = YES_AGGRESSIVE;
				CLANG_CXX_LANGUAGE_STANDARD = "gnu++20";
				CLANG_ENABLE_MODULES = YES;
				CLANG_ENABLE_OBJC_ARC = YES;
				CLANG_ENABLE_OBJC_WEAK = YES;
				CLANG_WARN_BLOCK_CAPTURE_AUTORELEASING = YES;
				CLANG_WARN_BOOL_CONVERSION = YES;
				CLANG_WARN_COMMA = YES;
				CLANG_WARN_CONSTANT_CONVERSION = YES;
				CLANG_WARN_DEPRECATED_OBJC_IMPLEMENTATIONS = YES;
				CLANG_WARN_DIRECT_OBJC_ISA_USAGE = YES_ERROR;
				CLANG_WARN_DOCUMENTATION_COMMENTS = YES;
				CLANG_WARN_EMPTY_BODY = YES;
				CLANG_WARN_ENUM_CONVERSION = YES;
				CLANG_WARN_INFINITE_RECURSION = YES;
				CLANG_WARN_INT_CONVERSION = YES;
				CLANG_WARN_NON_LITERAL_NULL_CONVERSION = YES;
				CLANG_WARN_OBJC_IMPLICIT_RETAIN_SELF = YES;
				CLANG_WARN_OBJC_LITERAL_CONVERSION = YES;
				CLANG_WARN_OBJC_ROOT_CLASS = YES_ERROR;
				CLANG_WARN_QUOTED_INCLUDE_IN_FRAMEWORK_HEADER = YES;
				CLANG_WARN_RANGE_LOOP_ANALYSIS = YES;
				CLANG_WARN_STRICT_PROTOTYPES = YES;
				CLANG_WARN_SUSPICIOUS_MOVE = YES;
				CLANG_WARN_UNGUARDED_AVAILABILITY = YES_AGGRESSIVE;
				CLANG_WARN_UNREACHABLE_CODE = YES;
				CLANG_WARN__DUPLICATE_METHOD_MATCH = YES;
				COPY_PHASE_STRIP = NO;
				DEBUG_INFORMATION_FORMAT = "dwarf-with-dsym";
				ENABLE_NS_ASSERTIONS = NO;
				ENABLE_STRICT_OBJC_MSGSEND = YES;
				ENABLE_USER_SCRIPT_SANDBOXING = YES;
				GCC_C_LANGUAGE_STANDARD = gnu17;
				GCC_NO_COMMON_BLOCKS = YES;
				GCC_WARN_64_TO_32_BIT_CONVERSION = YES;
				GCC_WARN_ABOUT_RETURN_TYPE = YES_ERROR;
				GCC_WARN_UNDECLARED_SELECTOR = YES;
				GCC_WARN_UNINITIALIZED_AUTOS = YES_AGGRESSIVE;
				GCC_WARN_UNUSED_FUNCTION = YES;
				GCC_WARN_UNUSED_VARIABLE = YES;
				IPHONEOS_DEPLOYMENT_TARGET = 17.4;
				LOCALIZATION_PREFERS_STRING_CATALOGS = YES;
				MTL_ENABLE_DEBUG_INFO = NO;
				MTL_FAST_MATH = YES;
				SDKROOT = iphoneos;
				SWIFT_COMPILATION_MODE = wholemodule;
				VALIDATE_PRODUCT = YES;
			};
			name = Release;
		};
		BCE3C7242BF5212D00CB2EAE /* Debug */ = {
			isa = XCBuildConfiguration;
			buildSettings = {
				ASSETCATALOG_COMPILER_APPICON_NAME = AppIcon;
				ASSETCATALOG_COMPILER_GLOBAL_ACCENT_COLOR_NAME = AccentColor;
				CODE_SIGN_STYLE = Automatic;
				CURRENT_PROJECT_VERSION = 1;
				DEVELOPMENT_ASSET_PATHS = "\"ColorSleuth/Preview Content\"";
				DEVELOPMENT_TEAM = H9NV7QU2Z4;
				ENABLE_PREVIEWS = YES;
				GENERATE_INFOPLIST_FILE = YES;
				INFOPLIST_KEY_UIApplicationSceneManifest_Generation = YES;
				INFOPLIST_KEY_UIApplicationSupportsIndirectInputEvents = YES;
				INFOPLIST_KEY_UILaunchScreen_Generation = YES;
				INFOPLIST_KEY_UISupportedInterfaceOrientations_iPad = "UIInterfaceOrientationPortrait UIInterfaceOrientationPortraitUpsideDown UIInterfaceOrientationLandscapeLeft UIInterfaceOrientationLandscapeRight";
				INFOPLIST_KEY_UISupportedInterfaceOrientations_iPhone = "UIInterfaceOrientationPortrait UIInterfaceOrientationLandscapeLeft UIInterfaceOrientationLandscapeRight";
				LD_RUNPATH_SEARCH_PATHS = (
					"$(inherited)",
					"@executable_path/Frameworks",
				);
				MARKETING_VERSION = 1.0;
				PRODUCT_BUNDLE_IDENTIFIER = com.ryanpallas.ColorSleuth;
				PRODUCT_NAME = "$(TARGET_NAME)";
				SWIFT_EMIT_LOC_STRINGS = YES;
				SWIFT_VERSION = 5.0;
				TARGETED_DEVICE_FAMILY = "1,2";
			};
			name = Debug;
		};
		BCE3C7252BF5212D00CB2EAE /* Release */ = {
			isa = XCBuildConfiguration;
			buildSettings = {
				ASSETCATALOG_COMPILER_APPICON_NAME = AppIcon;
				ASSETCATALOG_COMPILER_GLOBAL_ACCENT_COLOR_NAME = AccentColor;
				CODE_SIGN_STYLE = Automatic;
				CURRENT_PROJECT_VERSION = 1;
				DEVELOPMENT_ASSET_PATHS = "\"ColorSleuth/Preview Content\"";
				DEVELOPMENT_TEAM = H9NV7QU2Z4;
				ENABLE_PREVIEWS = YES;
				GENERATE_INFOPLIST_FILE = YES;
				INFOPLIST_KEY_UIApplicationSceneManifest_Generation = YES;
				INFOPLIST_KEY_UIApplicationSupportsIndirectInputEvents = YES;
				INFOPLIST_KEY_UILaunchScreen_Generation = YES;
				INFOPLIST_KEY_UISupportedInterfaceOrientations_iPad = "UIInterfaceOrientationPortrait UIInterfaceOrientationPortraitUpsideDown UIInterfaceOrientationLandscapeLeft UIInterfaceOrientationLandscapeRight";
				INFOPLIST_KEY_UISupportedInterfaceOrientations_iPhone = "UIInterfaceOrientationPortrait UIInterfaceOrientationLandscapeLeft UIInterfaceOrientationLandscapeRight";
				LD_RUNPATH_SEARCH_PATHS = (
					"$(inherited)",
					"@executable_path/Frameworks",
				);
				MARKETING_VERSION = 1.0;
				PRODUCT_BUNDLE_IDENTIFIER = com.ryanpallas.ColorSleuth;
				PRODUCT_NAME = "$(TARGET_NAME)";
				SWIFT_EMIT_LOC_STRINGS = YES;
				SWIFT_VERSION = 5.0;
				TARGETED_DEVICE_FAMILY = "1,2";
			};
			name = Release;
		};
/* End XCBuildConfiguration section */

/* Begin XCConfigurationList section */
		BCE3C7102BF5212B00CB2EAE /* Build configuration list for PBXProject "ColorSleuth" */ = {
			isa = XCConfigurationList;
			buildConfigurations = (
				BCE3C7212BF5212D00CB2EAE /* Debug */,
				BCE3C7222BF5212D00CB2EAE /* Release */,
			);
			defaultConfigurationIsVisible = 0;
			defaultConfigurationName = Release;
		};
		BCE3C7232BF5212D00CB2EAE /* Build configuration list for PBXNativeTarget "ColorSleuth" */ = {
			isa = XCConfigurationList;
			buildConfigurations = (
				BCE3C7242BF5212D00CB2EAE /* Debug */,
				BCE3C7252BF5212D00CB2EAE /* Release */,
			);
			defaultConfigurationIsVisible = 0;
			defaultConfigurationName = Release;
		};
/* End XCConfigurationList section */
	};
	rootObject = BCE3C70D2BF5212B00CB2EAE /* Project object */;
}
